
Microsoft Visual Studio Solution File, Format Version 12.00
# Visual Studio 15
VisualStudioVersion = 15.0.28010.2003
MinimumVisualStudioVersion = 10.0.40219.1
Project("{FAE04EC0-301F-11D3-BF4B-00C04F79EFBC}") = "DeTai_QLDSV", "DeTai_QLDSV\DeTai_QLDSV.csproj", "{037D9606-76C4-4411-BA1D-207342EF779D}"
EndProject
Global
	GlobalSection(SolutionConfigurationPlatforms) = preSolution
		Debug|Any CPU = Debug|Any CPU
		Release|Any CPU = Release|Any CPU
	EndGlobalSection
	GlobalSection(ProjectConfigurationPlatforms) = postSolution
		{037D9606-76C4-4411-BA1D-207342EF779D}.Debug|Any CPU.ActiveCfg = Debug|Any CPU
		{037D9606-76C4-4411-BA1D-207342EF779D}.Debug|Any CPU.Build.0 = Debug|Any CPU
		{037D9606-76C4-4411-BA1D-207342EF779D}.Release|Any CPU.ActiveCfg = Release|Any CPU
		{037D9606-76C4-4411-BA1D-207342EF779D}.Release|Any CPU.Build.0 = Release|Any CPU
	EndGlobalSection
	GlobalSection(SolutionProperties) = preSolution
		HideSolutionNode = FALSE
	EndGlobalSection
	GlobalSection(ExtensibilityGlobals) = postSolution
		SolutionGuid = {4B37D2C5-C6D3-4D5F-9035-C2C67D134FE9}
	EndGlobalSection
EndGlobal
